{
  "name": "node-red-contrib-soundweb",
  "version": "1.0.7",
  "lockfileVersion": 3,
  "requires": true,
  "packages": {
    "": {
      "name": "node-red-contrib-soundweb",
      "version": "1.0.7",
      "license": "MIT",
      "dependencies": {
        "hiqnet": "^0.0.5"
      },
      "engines": {
        "node": ">=12.13.0"
      }
    },
    "node_modules/hiqnet": {
      "version": "0.0.5",
      "resolved": "https://registry.npmjs.org/hiqnet/-/hiqnet-0.0.5.tgz",
      "integrity": "sha512-VufOQEm1+T4C5wwZN2cihADTMeUtEyxmaa4h3RdE3WVFrZwmilviNE8zMCMqgV/TTzey8dxo41nkMBIGXPLfww=="
    }
  }
}
